
Microsoft Visual Studio Solution File, Format Version 12.00
# Visual Studio 15
VisualStudioVersion = 15.0.27428.2005
MinimumVisualStudioVersion = 10.0.40219.1
Project("{888888A0-9F3D-457C-B088-3A5042F75D52}") = "new", "new\new.pyproj", "{6B807EBB-CDB2-4D4A-A463-97DAACA8A64F}"
EndProject
Global
	GlobalSection(SolutionConfigurationPlatforms) = preSolution
		Debug|Any CPU = Debug|Any CPU
		Release|Any CPU = Release|Any CPU
	EndGlobalSection
	GlobalSection(ProjectConfigurationPlatforms) = postSolution
		{6B807EBB-CDB2-4D4A-A463-97DAACA8A64F}.Debug|Any CPU.ActiveCfg = Debug|Any CPU
		{6B807EBB-CDB2-4D4A-A463-97DAACA8A64F}.Debug|Any CPU.Build.0 = Debug|Any CPU
		{6B807EBB-CDB2-4D4A-A463-97DAACA8A64F}.Release|Any CPU.ActiveCfg = Release|Any CPU
		{6B807EBB-CDB2-4D4A-A463-97DAACA8A64F}.Release|Any CPU.Build.0 = Release|Any CPU
	EndGlobalSection
	GlobalSection(SolutionProperties) = preSolution
		HideSolutionNode = FALSE
	EndGlobalSection
	GlobalSection(ExtensibilityGlobals) = postSolution
		SolutionGuid = {AF7AB0E9-C470-4F43-AAB6-3D77F0C8D78D}
	EndGlobalSection
EndGlobal
